
Microsoft Visual Studio Solution File, Format Version 12.00
# Visual Studio Version 17
VisualStudioVersion = 17.3.32825.248
MinimumVisualStudioVersion = 10.0.40219.1
Project("{FAE04EC0-301F-11D3-BF4B-00C04F79EFBC}") = "Project4", "Project4\Project4.csproj", "{9806E898-D72C-49E8-A79B-A02CD5AD9477}"
EndProject
Global
	GlobalSection(SolutionConfigurationPlatforms) = preSolution
		Debug|Any CPU = Debug|Any CPU
		Release|Any CPU = Release|Any CPU
	EndGlobalSection
	GlobalSection(ProjectConfigurationPlatforms) = postSolution
		{9806E898-D72C-49E8-A79B-A02CD5AD9477}.Debug|Any CPU.ActiveCfg = Debug|Any CPU
		{9806E898-D72C-49E8-A79B-A02CD5AD9477}.Debug|Any CPU.Build.0 = Debug|Any CPU
		{9806E898-D72C-49E8-A79B-A02CD5AD9477}.Release|Any CPU.ActiveCfg = Release|Any CPU
		{9806E898-D72C-49E8-A79B-A02CD5AD9477}.Release|Any CPU.Build.0 = Release|Any CPU
	EndGlobalSection
	GlobalSection(SolutionProperties) = preSolution
		HideSolutionNode = FALSE
	EndGlobalSection
	GlobalSection(ExtensibilityGlobals) = postSolution
		SolutionGuid = {E0919AB0-56EC-4998-89A9-96DEFA7F33D7}
	EndGlobalSection
EndGlobal
